
Microsoft Visual Studio Solution File, Format Version 11.00
# Visual Web Developer Express 2010
Project("{FAE04EC0-301F-11D3-BF4B-00C04F79EFBC}") = "TestConsole", "TestConsole\TestConsole.csproj", "{ED97D02D-0F7C-403C-ABBB-931C76DF95B5}"
EndProject
Project("{FAE04EC0-301F-11D3-BF4B-00C04F79EFBC}") = "SaberLily.Web", "SaberLily.Web\SaberLily.Web.csproj", "{230257C6-2D1C-4AFD-B04B-BE7A7E77C520}"
EndProject
Project("{FAE04EC0-301F-11D3-BF4B-00C04F79EFBC}") = "NewSocialNetwork.Website", "NewSocialNetwork.Website\NewSocialNetwork.Website.csproj", "{7C5EF84E-FC2A-48A4-904E-1BE78D490C97}"
EndProject
Project("{FAE04EC0-301F-11D3-BF4B-00C04F79EFBC}") = "HelloWorld.Website", "HelloWorld.Website\HelloWorld.Website.csproj", "{B2B0F635-9C55-40A1-863A-DAD9A067AA0B}"
EndProject
Project("{FAE04EC0-301F-11D3-BF4B-00C04F79EFBC}") = "HikariStore.Website", "HikariStore\HikariStore.Website.csproj", "{A900030C-1EA4-4F13-9AF0-5EB0E225ACBA}"
EndProject
Project("{FAE04EC0-301F-11D3-BF4B-00C04F79EFBC}") = "NewSocialNetwork.Entities", "NewSocialNetwork.Entities\NewSocialNetwork.Entities.csproj", "{65C4E0C6-E101-446C-BEC5-AC149BE0AA9F}"
EndProject
Global
	GlobalSection(SolutionConfigurationPlatforms) = preSolution
		Debug|Any CPU = Debug|Any CPU
		Release|Any CPU = Release|Any CPU
	EndGlobalSection
	GlobalSection(ProjectConfigurationPlatforms) = postSolution
		{ED97D02D-0F7C-403C-ABBB-931C76DF95B5}.Debug|Any CPU.ActiveCfg = Debug|Any CPU
		{ED97D02D-0F7C-403C-ABBB-931C76DF95B5}.Debug|Any CPU.Build.0 = Debug|Any CPU
		{ED97D02D-0F7C-403C-ABBB-931C76DF95B5}.Release|Any CPU.ActiveCfg = Release|Any CPU
		{ED97D02D-0F7C-403C-ABBB-931C76DF95B5}.Release|Any CPU.Build.0 = Release|Any CPU
		{230257C6-2D1C-4AFD-B04B-BE7A7E77C520}.Debug|Any CPU.ActiveCfg = Debug|Any CPU
		{230257C6-2D1C-4AFD-B04B-BE7A7E77C520}.Debug|Any CPU.Build.0 = Debug|Any CPU
		{230257C6-2D1C-4AFD-B04B-BE7A7E77C520}.Release|Any CPU.ActiveCfg = Release|Any CPU
		{230257C6-2D1C-4AFD-B04B-BE7A7E77C520}.Release|Any CPU.Build.0 = Release|Any CPU
		{7C5EF84E-FC2A-48A4-904E-1BE78D490C97}.Debug|Any CPU.ActiveCfg = Debug|Any CPU
		{7C5EF84E-FC2A-48A4-904E-1BE78D490C97}.Debug|Any CPU.Build.0 = Debug|Any CPU
		{7C5EF84E-FC2A-48A4-904E-1BE78D490C97}.Release|Any CPU.ActiveCfg = Release|Any CPU
		{7C5EF84E-FC2A-48A4-904E-1BE78D490C97}.Release|Any CPU.Build.0 = Release|Any CPU
		{B2B0F635-9C55-40A1-863A-DAD9A067AA0B}.Debug|Any CPU.ActiveCfg = Debug|Any CPU
		{B2B0F635-9C55-40A1-863A-DAD9A067AA0B}.Debug|Any CPU.Build.0 = Debug|Any CPU
		{B2B0F635-9C55-40A1-863A-DAD9A067AA0B}.Release|Any CPU.ActiveCfg = Release|Any CPU
		{B2B0F635-9C55-40A1-863A-DAD9A067AA0B}.Release|Any CPU.Build.0 = Release|Any CPU
		{A900030C-1EA4-4F13-9AF0-5EB0E225ACBA}.Debug|Any CPU.ActiveCfg = Debug|Any CPU
		{A900030C-1EA4-4F13-9AF0-5EB0E225ACBA}.Debug|Any CPU.Build.0 = Debug|Any CPU
		{A900030C-1EA4-4F13-9AF0-5EB0E225ACBA}.Release|Any CPU.ActiveCfg = Release|Any CPU
		{A900030C-1EA4-4F13-9AF0-5EB0E225ACBA}.Release|Any CPU.Build.0 = Release|Any CPU
		{65C4E0C6-E101-446C-BEC5-AC149BE0AA9F}.Debug|Any CPU.ActiveCfg = Debug|Any CPU
		{65C4E0C6-E101-446C-BEC5-AC149BE0AA9F}.Debug|Any CPU.Build.0 = Debug|Any CPU
		{65C4E0C6-E101-446C-BEC5-AC149BE0AA9F}.Release|Any CPU.ActiveCfg = Release|Any CPU
		{65C4E0C6-E101-446C-BEC5-AC149BE0AA9F}.Release|Any CPU.Build.0 = Release|Any CPU
	EndGlobalSection
	GlobalSection(SolutionProperties) = preSolution
		HideSolutionNode = FALSE
	EndGlobalSection
EndGlobal
